
Microsoft Visual Studio Solution File, Format Version 12.00
# Visual Studio Version 17
VisualStudioVersion = 17.8.34330.188
MinimumVisualStudioVersion = 10.0.40219.1
Project("{888888A0-9F3D-457C-B088-3A5042F75D52}") = "MovieGuidePart2", "MovieGuidePart2\MovieGuidePart2.pyproj", "{0124C7A6-2D6B-46E6-B4B4-36EC610C843D}"
EndProject
Global
	GlobalSection(SolutionConfigurationPlatforms) = preSolution
		Debug|Any CPU = Debug|Any CPU
		Release|Any CPU = Release|Any CPU
	EndGlobalSection
	GlobalSection(ProjectConfigurationPlatforms) = postSolution
		{0124C7A6-2D6B-46E6-B4B4-36EC610C843D}.Debug|Any CPU.ActiveCfg = Debug|Any CPU
		{0124C7A6-2D6B-46E6-B4B4-36EC610C843D}.Release|Any CPU.ActiveCfg = Release|Any CPU
	EndGlobalSection
	GlobalSection(SolutionProperties) = preSolution
		HideSolutionNode = FALSE
	EndGlobalSection
	GlobalSection(ExtensibilityGlobals) = postSolution
		SolutionGuid = {16C50D8C-E8C7-4324-8D96-18EC812E5BC9}
	EndGlobalSection
EndGlobal
